# THIS IS AN AUTOGENERATED FILE. DO NOT EDIT THIS FILE DIRECTLY.
# yarn lockfile v1


"@types/wechat-miniprogram@^3.4.0":
  version "3.4.0"
  resolved "https://registry.yarnpkg.com/@types/wechat-miniprogram/-/wechat-miniprogram-3.4.0.tgz#d743d5b3c17bd531c2c178ea1fe9d92a0b23bcd0"
  integrity sha512-7d7KDwoV42/ANx/0C8C4ctBv1q9XnXYD4Fz0C+3ii0Tm+HRIwwDcinv8S88Ut/Y80czlI0shGpTgLFe0GbrXWQ==

"@vant/weapp@^1.10.2":
  version "1.10.2"
  resolved "https://registry.npmjs.org/@vant/weapp/-/weapp-1.10.2.tgz"
  integrity sha512-caqA0xQxM4lMRncFsRPPVMDdEzUBCJ4xdFXuKReXpEU3qwnVIP/WIjVDIi7mWyS7xqz8C9WfSW5JL4PrlSq31w==

miniprogram-api-promise@^1.0.4:
  version "1.0.4"
  resolved "https://registry.npmjs.org/miniprogram-api-promise/-/miniprogram-api-promise-1.0.4.tgz"
  integrity sha512-lS2ukj03Ugy8IJUDmdssklLT4kjzyRtVYwErhyDZkzxtqcxaed2xldRgNrsikigeMUBR9gAs7wgnjSKPlyKIYg==

mobx-miniprogram-bindings@^2.1.5:
  version "2.1.5"
  resolved "https://registry.yarnpkg.com/mobx-miniprogram-bindings/-/mobx-miniprogram-bindings-2.1.5.tgz#148a9e9bb47b7ef2b4bdc3786dff57666e33a2eb"
  integrity sha512-2HuiQL5FPgoYJ8XIMdw5iD6XT61LtsujaGyizbN845iZcsLmrKZiF0dKd4jQTSuC/6rGozqqhcy0sDc7qcpjYQ==
  dependencies:
    "@types/wechat-miniprogram" "^3.4.0"

mobx-miniprogram@^4.13.2:
  version "4.13.2"
  resolved "https://registry.yarnpkg.com/mobx-miniprogram/-/mobx-miniprogram-4.13.2.tgz#b72c03fd5ad1f1b9022c422f9c88a47d1e5f8868"
  integrity sha512-C3HtkqHCLKp35N2gXA80yFD6PNfSqwioPFmnjTQpBLrEqYm1F6yiWZ57CW+8FqgmR306mw6ZfsM5q7hSTHw8BQ==
